
Microsoft Visual Studio Solution File, Format Version 12.00
# Visual Studio Version 17
VisualStudioVersion = 17.2.32616.157
MinimumVisualStudioVersion = 10.0.40219.1
Project("{FAE04EC0-301F-11D3-BF4B-00C04F79EFBC}") = "MultidimensionalTienda", "MultidimensionalTienda\MultidimensionalTienda.csproj", "{58F3B67B-C472-4EAF-ADE0-7E67AA62869F}"
EndProject
Global
	GlobalSection(SolutionConfigurationPlatforms) = preSolution
		Debug|Any CPU = Debug|Any CPU
		Release|Any CPU = Release|Any CPU
	EndGlobalSection
	GlobalSection(ProjectConfigurationPlatforms) = postSolution
		{58F3B67B-C472-4EAF-ADE0-7E67AA62869F}.Debug|Any CPU.ActiveCfg = Debug|Any CPU
		{58F3B67B-C472-4EAF-ADE0-7E67AA62869F}.Debug|Any CPU.Build.0 = Debug|Any CPU
		{58F3B67B-C472-4EAF-ADE0-7E67AA62869F}.Release|Any CPU.ActiveCfg = Release|Any CPU
		{58F3B67B-C472-4EAF-ADE0-7E67AA62869F}.Release|Any CPU.Build.0 = Release|Any CPU
	EndGlobalSection
	GlobalSection(SolutionProperties) = preSolution
		HideSolutionNode = FALSE
	EndGlobalSection
	GlobalSection(ExtensibilityGlobals) = postSolution
		SolutionGuid = {48B62845-5980-416D-8C00-EB7B09807757}
	EndGlobalSection
EndGlobal
